
Microsoft Visual Studio Solution File, Format Version 12.00
# Visual Studio Version 17
VisualStudioVersion = 17.3.32929.385
MinimumVisualStudioVersion = 10.0.40219.1
Project("{FAE04EC0-301F-11D3-BF4B-00C04F79EFBC}") = "FitnessTracker", "FitnessTracker.csproj", "{FB01C91A-5733-4D71-A06E-0FF04A196C80}"
EndProject
Global
	GlobalSection(SolutionConfigurationPlatforms) = preSolution
		Debug|Any CPU = Debug|Any CPU
		Release|Any CPU = Release|Any CPU
	EndGlobalSection
	GlobalSection(ProjectConfigurationPlatforms) = postSolution
		{FB01C91A-5733-4D71-A06E-0FF04A196C80}.Debug|Any CPU.ActiveCfg = Debug|Any CPU
		{FB01C91A-5733-4D71-A06E-0FF04A196C80}.Debug|Any CPU.Build.0 = Debug|Any CPU
		{FB01C91A-5733-4D71-A06E-0FF04A196C80}.Release|Any CPU.ActiveCfg = Release|Any CPU
		{FB01C91A-5733-4D71-A06E-0FF04A196C80}.Release|Any CPU.Build.0 = Release|Any CPU
	EndGlobalSection
	GlobalSection(SolutionProperties) = preSolution
		HideSolutionNode = FALSE
	EndGlobalSection
	GlobalSection(ExtensibilityGlobals) = postSolution
		SolutionGuid = {D63DA123-D221-4AC5-ACA4-0DCEA4DFE670}
	EndGlobalSection
EndGlobal
